
Microsoft Visual Studio Solution File, Format Version 12.00
# Visual Studio 15
VisualStudioVersion = 15.0.28307.1525
MinimumVisualStudioVersion = 10.0.40219.1
Project("{FAE04EC0-301F-11D3-BF4B-00C04F79EFBC}") = "Pooble Trome", "Pooble Trome\Pooble Trome.csproj", "{8550E048-1651-4D37-99DF-40D7CD37E039}"
EndProject
Global
	GlobalSection(SolutionConfigurationPlatforms) = preSolution
		Debug|Any CPU = Debug|Any CPU
		Release|Any CPU = Release|Any CPU
	EndGlobalSection
	GlobalSection(ProjectConfigurationPlatforms) = postSolution
		{8550E048-1651-4D37-99DF-40D7CD37E039}.Debug|Any CPU.ActiveCfg = Release|Any CPU
		{8550E048-1651-4D37-99DF-40D7CD37E039}.Debug|Any CPU.Build.0 = Release|Any CPU
		{8550E048-1651-4D37-99DF-40D7CD37E039}.Release|Any CPU.ActiveCfg = Release|Any CPU
		{8550E048-1651-4D37-99DF-40D7CD37E039}.Release|Any CPU.Build.0 = Release|Any CPU
	EndGlobalSection
	GlobalSection(SolutionProperties) = preSolution
		HideSolutionNode = FALSE
	EndGlobalSection
	GlobalSection(ExtensibilityGlobals) = postSolution
		SolutionGuid = {ED7417BA-0159-4A6A-A25A-F36600549236}
	EndGlobalSection
EndGlobal
